// !$*UTF8*$!
{
	archiveVersion = 1;
	classes = {
	};
	objectVersion = 48;
	objects = {

/* Begin PBXBuildFile section */
		017C67CD44F9AE6166E5E973 /* Pods_Park_aholic.framework in Frameworks */ = {isa = PBXBuildFile; fileRef = 02E5479CDC70DE3B51D754C8 /* Pods_Park_aholic.framework */; };
		C07FF29F2016BF9F0000125E /* apiPull_Ext.swift in Sources */ = {isa = PBXBuildFile; fileRef = C07FF29E2016BF9F0000125E /* apiPull_Ext.swift */; };
		C07FF2A12016BFE60000125E /* ParkDataModel.swift in Sources */ = {isa = PBXBuildFile; fileRef = C07FF2A02016BFE60000125E /* ParkDataModel.swift */; };
		C07FF2A32016C1670000125E /* ParkTableView_EXT.swift in Sources */ = {isa = PBXBuildFile; fileRef = C07FF2A22016C1670000125E /* ParkTableView_EXT.swift */; };
		C07FF2A52016C1EA0000125E /* ParkCellTableViewCell.swift in Sources */ = {isa = PBXBuildFile; fileRef = C07FF2A42016C1EA0000125E /* ParkCellTableViewCell.swift */; };
		C07FF2A92016DE750000125E /* ParkDetail_ViewController.swift in Sources */ = {isa = PBXBuildFile; fileRef = C07FF2A82016DE750000125E /* ParkDetail_ViewController.swift */; };
		C07FF2AB2016DEA20000125E /* UserReview_ViewController.swift in Sources */ = {isa = PBXBuildFile; fileRef = C07FF2AA2016DEA20000125E /* UserReview_ViewController.swift */; };
		C07FF2AD2016DEFD0000125E /* AnimatedViewClass.swift in Sources */ = {isa = PBXBuildFile; fileRef = C07FF2AC2016DEFD0000125E /* AnimatedViewClass.swift */; };
		C07FF2B12016DFD00000125E /* UserRatings_EXT.swift in Sources */ = {isa = PBXBuildFile; fileRef = C07FF2B02016DFD00000125E /* UserRatings_EXT.swift */; };
		C07FF2B52016ECE00000125E /* UserComments_EXT.swift in Sources */ = {isa = PBXBuildFile; fileRef = C07FF2B42016ECE00000125E /* UserComments_EXT.swift */; };
		C09D77EC2016844200E76FCB /* AppDelegate.swift in Sources */ = {isa = PBXBuildFile; fileRef = C09D77EB2016844200E76FCB /* AppDelegate.swift */; };
		C09D77EE2016844200E76FCB /* ViewController.swift in Sources */ = {isa = PBXBuildFile; fileRef = C09D77ED2016844200E76FCB /* ViewController.swift */; };
		C09D77F12016844200E76FCB /* Main.storyboard in Resources */ = {isa = PBXBuildFile; fileRef = C09D77EF2016844200E76FCB /* Main.storyboard */; };
		C09D77F42016844200E76FCB /* Park_aholic.xcdatamodeld in Sources */ = {isa = PBXBuildFile; fileRef = C09D77F22016844200E76FCB /* Park_aholic.xcdatamodeld */; };
		C09D77F62016844200E76FCB /* Assets.xcassets in Resources */ = {isa = PBXBuildFile; fileRef = C09D77F52016844200E76FCB /* Assets.xcassets */; };
		C09D77F92016844200E76FCB /* LaunchScreen.storyboard in Resources */ = {isa = PBXBuildFile; fileRef = C09D77F72016844200E76FCB /* LaunchScreen.storyboard */; };
		C09D7802201684AF00E76FCB /* MapKit.framework in Frameworks */ = {isa = PBXBuildFile; fileRef = C09D7801201684AF00E76FCB /* MapKit.framework */; };
		C09D78062016AFF400E76FCB /* LocationManager_EXT.swift in Sources */ = {isa = PBXBuildFile; fileRef = C09D78052016AFF400E76FCB /* LocationManager_EXT.swift */; };
		C0BC26BE2016F97B0031E9F2 /* UserTags_EXT.swift in Sources */ = {isa = PBXBuildFile; fileRef = C0BC26BD2016F97B0031E9F2 /* UserTags_EXT.swift */; };
		C0BC26C02017A9920031E9F2 /* GoogleService-Info.plist in Resources */ = {isa = PBXBuildFile; fileRef = C0BC26BF2017A9920031E9F2 /* GoogleService-Info.plist */; };
/* End PBXBuildFile section */

/* Begin PBXFileReference section */
		02E5479CDC70DE3B51D754C8 /* Pods_Park_aholic.framework */ = {isa = PBXFileReference; explicitFileType = wrapper.framework; includeInIndex = 0; path = Pods_Park_aholic.framework; sourceTree = BUILT_PRODUCTS_DIR; };
		5C90AA26B23B6261035630C3 /* Pods-Park-aholic.release.xcconfig */ = {isa = PBXFileReference; includeInIndex = 1; lastKnownFileType = text.xcconfig; name = "Pods-Park-aholic.release.xcconfig"; path = "Pods/Target Support Files/Pods-Park-aholic/Pods-Park-aholic.release.xcconfig"; sourceTree = "<group>"; };
		7226C7D839AD2C03A4D78CB2 /* Pods-Park-aholic.debug.xcconfig */ = {isa = PBXFileReference; includeInIndex = 1; lastKnownFileType = text.xcconfig; name = "Pods-Park-aholic.debug.xcconfig"; path = "Pods/Target Support Files/Pods-Park-aholic/Pods-Park-aholic.debug.xcconfig"; sourceTree = "<group>"; };
		C07FF29E2016BF9F0000125E /* apiPull_Ext.swift */ = {isa = PBXFileReference; fileEncoding = 4; lastKnownFileType = sourcecode.swift; path = apiPull_Ext.swift; sourceTree = "<group>"; };
		C07FF2A02016BFE60000125E /* ParkDataModel.swift */ = {isa = PBXFileReference; fileEncoding = 4; lastKnownFileType = sourcecode.swift; path = ParkDataModel.swift; sourceTree = "<group>"; };
		C07FF2A22016C1670000125E /* ParkTableView_EXT.swift */ = {isa = PBXFileReference; lastKnownFileType = sourcecode.swift; path = ParkTableView_EXT.swift; sourceTree = "<group>"; };
		C07FF2A42016C1EA0000125E /* ParkCellTableViewCell.swift */ = {isa = PBXFileReference; fileEncoding = 4; lastKnownFileType = sourcecode.swift; path = ParkCellTableViewCell.swift; sourceTree = "<group>"; };
		C07FF2A82016DE750000125E /* ParkDetail_ViewController.swift */ = {isa = PBXFileReference; lastKnownFileType = sourcecode.swift; path = ParkDetail_ViewController.swift; sourceTree = "<group>"; };
		C07FF2AA2016DEA20000125E /* UserReview_ViewController.swift */ = {isa = PBXFileReference; lastKnownFileType = sourcecode.swift; path = UserReview_ViewController.swift; sourceTree = "<group>"; };
		C07FF2AC2016DEFD0000125E /* AnimatedViewClass.swift */ = {isa = PBXFileReference; fileEncoding = 4; lastKnownFileType = sourcecode.swift; path = AnimatedViewClass.swift; sourceTree = "<group>"; };
		C07FF2B02016DFD00000125E /* UserRatings_EXT.swift */ = {isa = PBXFileReference; lastKnownFileType = sourcecode.swift; path = UserRatings_EXT.swift; sourceTree = "<group>"; };
		C07FF2B42016ECE00000125E /* UserComments_EXT.swift */ = {isa = PBXFileReference; lastKnownFileType = sourcecode.swift; path = UserComments_EXT.swift; sourceTree = "<group>"; };
		C09D77E82016844200E76FCB /* Park-aholic.app */ = {isa = PBXFileReference; explicitFileType = wrapper.application; includeInIndex = 0; path = "Park-aholic.app"; sourceTree = BUILT_PRODUCTS_DIR; };
		C09D77EB2016844200E76FCB /* AppDelegate.swift */ = {isa = PBXFileReference; lastKnownFileType = sourcecode.swift; path = AppDelegate.swift; sourceTree = "<group>"; };
		C09D77ED2016844200E76FCB /* ViewController.swift */ = {isa = PBXFileReference; lastKnownFileType = sourcecode.swift; path = ViewController.swift; sourceTree = "<group>"; };
		C09D77F02016844200E76FCB /* Base */ = {isa = PBXFileReference; lastKnownFileType = file.storyboard; name = Base; path = Base.lproj/Main.storyboard; sourceTree = "<group>"; };
		C09D77F32016844200E76FCB /* Park_aholic.xcdatamodel */ = {isa = PBXFileReference; lastKnownFileType = wrapper.xcdatamodel; path = Park_aholic.xcdatamodel; sourceTree = "<group>"; };
		C09D77F52016844200E76FCB /* Assets.xcassets */ = {isa = PBXFileReference; lastKnownFileType = folder.assetcatalog; path = Assets.xcassets; sourceTree = "<group>"; };
		C09D77F82016844200E76FCB /* Base */ = {isa = PBXFileReference; lastKnownFileType = file.storyboard; name = Base; path = Base.lproj/LaunchScreen.storyboard; sourceTree = "<group>"; };
		C09D77FA2016844200E76FCB /* Info.plist */ = {isa = PBXFileReference; lastKnownFileType = text.plist.xml; path = Info.plist; sourceTree = "<group>"; };
		C09D7801201684AF00E76FCB /* MapKit.framework */ = {isa = PBXFileReference; lastKnownFileType = wrapper.framework; name = MapKit.framework; path = System/Library/Frameworks/MapKit.framework; sourceTree = SDKROOT; };
		C09D78052016AFF400E76FCB /* LocationManager_EXT.swift */ = {isa = PBXFileReference; lastKnownFileType = sourcecode.swift; path = LocationManager_EXT.swift; sourceTree = "<group>"; };
		C0BC26BD2016F97B0031E9F2 /* UserTags_EXT.swift */ = {isa = PBXFileReference; lastKnownFileType = sourcecode.swift; path = UserTags_EXT.swift; sourceTree = "<group>"; };
		C0BC26BF2017A9920031E9F2 /* GoogleService-Info.plist */ = {isa = PBXFileReference; fileEncoding = 4; lastKnownFileType = text.plist.xml; path = "GoogleService-Info.plist"; sourceTree = "<group>"; };
/* End PBXFileReference section */

/* Begin PBXFrameworksBuildPhase section */
		C09D77E52016844200E76FCB /* Frameworks */ = {
			isa = PBXFrameworksBuildPhase;
			buildActionMask = 2147483647;
			files = (
				C09D7802201684AF00E76FCB /* MapKit.framework in Frameworks */,
				017C67CD44F9AE6166E5E973 /* Pods_Park_aholic.framework in Frameworks */,
			);
			runOnlyForDeploymentPostprocessing = 0;
		};
/* End PBXFrameworksBuildPhase section */

/* Begin PBXGroup section */
		C07FF2A62016DE260000125E /* Park Detail View */ = {
			isa = PBXGroup;
			children = (
				C07FF2A82016DE750000125E /* ParkDetail_ViewController.swift */,
			);
			path = "Park Detail View";
			sourceTree = "<group>";
		};
		C07FF2A72016DE3B0000125E /* User Review View */ = {
			isa = PBXGroup;
			children = (
				C07FF2AA2016DEA20000125E /* UserReview_ViewController.swift */,
				C07FF2B02016DFD00000125E /* UserRatings_EXT.swift */,
				C07FF2B42016ECE00000125E /* UserComments_EXT.swift */,
				C0BC26BD2016F97B0031E9F2 /* UserTags_EXT.swift */,
				C07FF2AC2016DEFD0000125E /* AnimatedViewClass.swift */,
			);
			path = "User Review View";
			sourceTree = "<group>";
		};
		C09D77DF2016844100E76FCB = {
			isa = PBXGroup;
			children = (
				C09D77EA2016844200E76FCB /* Park-aholic */,
				C09D77E92016844200E76FCB /* Products */,
				C09D7800201684AF00E76FCB /* Frameworks */,
				D2A9E80E2A8537B6A682A006 /* Pods */,
			);
			sourceTree = "<group>";
		};
		C09D77E92016844200E76FCB /* Products */ = {
			isa = PBXGroup;
			children = (
				C09D77E82016844200E76FCB /* Park-aholic.app */,
			);
			name = Products;
			sourceTree = "<group>";
		};
		C09D77EA2016844200E76FCB /* Park-aholic */ = {
			isa = PBXGroup;
			children = (
				C09D7804201684D400E76FCB /* HomeView */,
				C07FF2A62016DE260000125E /* Park Detail View */,
				C07FF2A72016DE3B0000125E /* User Review View */,
				C09D7803201684BD00E76FCB /* Storyboads */,
				C09D77EB2016844200E76FCB /* AppDelegate.swift */,
				C09D77F52016844200E76FCB /* Assets.xcassets */,
				C0BC26BF2017A9920031E9F2 /* GoogleService-Info.plist */,
				C09D77FA2016844200E76FCB /* Info.plist */,
				C09D77F22016844200E76FCB /* Park_aholic.xcdatamodeld */,
			);
			path = "Park-aholic";
			sourceTree = "<group>";
		};
		C09D7800201684AF00E76FCB /* Frameworks */ = {
			isa = PBXGroup;
			children = (
				C09D7801201684AF00E76FCB /* MapKit.framework */,
				02E5479CDC70DE3B51D754C8 /* Pods_Park_aholic.framework */,
			);
			name = Frameworks;
			sourceTree = "<group>";
		};
		C09D7803201684BD00E76FCB /* Storyboads */ = {
			isa = PBXGroup;
			children = (
				C09D77F72016844200E76FCB /* LaunchScreen.storyboard */,
				C09D77EF2016844200E76FCB /* Main.storyboard */,
			);
			path = Storyboads;
			sourceTree = "<group>";
		};
		C09D7804201684D400E76FCB /* HomeView */ = {
			isa = PBXGroup;
			children = (
				C09D77ED2016844200E76FCB /* ViewController.swift */,
				C09D78052016AFF400E76FCB /* LocationManager_EXT.swift */,
				C07FF29E2016BF9F0000125E /* apiPull_Ext.swift */,
				C07FF2A02016BFE60000125E /* ParkDataModel.swift */,
				C07FF2A22016C1670000125E /* ParkTableView_EXT.swift */,
				C07FF2A42016C1EA0000125E /* ParkCellTableViewCell.swift */,
			);
			path = HomeView;
			sourceTree = "<group>";
		};
		D2A9E80E2A8537B6A682A006 /* Pods */ = {
			isa = PBXGroup;
			children = (
				7226C7D839AD2C03A4D78CB2 /* Pods-Park-aholic.debug.xcconfig */,
				5C90AA26B23B6261035630C3 /* Pods-Park-aholic.release.xcconfig */,
			);
			name = Pods;
			sourceTree = "<group>";
		};
/* End PBXGroup section */

/* Begin PBXNativeTarget section */
		C09D77E72016844200E76FCB /* Park-aholic */ = {
			isa = PBXNativeTarget;
			buildConfigurationList = C09D77FD2016844200E76FCB /* Build configuration list for PBXNativeTarget "Park-aholic" */;
			buildPhases = (
				540BE06C92677F9CBFC6BA93 /* [CP] Check Pods Manifest.lock */,
				C09D77E42016844200E76FCB /* Sources */,
				C09D77E52016844200E76FCB /* Frameworks */,
				C09D77E62016844200E76FCB /* Resources */,
				4F1993CB48FC1104CF654385 /* [CP] Embed Pods Frameworks */,
				A0545309641E55E9F610CB9C /* [CP] Copy Pods Resources */,
			);
			buildRules = (
			);
			dependencies = (
			);
			name = "Park-aholic";
			productName = "Park-aholic";
			productReference = C09D77E82016844200E76FCB /* Park-aholic.app */;
			productType = "com.apple.product-type.application";
		};
/* End PBXNativeTarget section */

/* Begin PBXProject section */
		C09D77E02016844100E76FCB /* Project object */ = {
			isa = PBXProject;
			attributes = {
				LastSwiftUpdateCheck = 0920;
				LastUpgradeCheck = 0920;
				ORGANIZATIONNAME = "Seth Kurkowski";
				TargetAttributes = {
					C09D77E72016844200E76FCB = {
						CreatedOnToolsVersion = 9.2;
						ProvisioningStyle = Automatic;
					};
				};
			};
			buildConfigurationList = C09D77E32016844100E76FCB /* Build configuration list for PBXProject "Park-aholic" */;
			compatibilityVersion = "Xcode 8.0";
			developmentRegion = en;
			hasScannedForEncodings = 0;
			knownRegions = (
				en,
				Base,
			);
			mainGroup = C09D77DF2016844100E76FCB;
			productRefGroup = C09D77E92016844200E76FCB /* Products */;
			projectDirPath = "";
			projectRoot = "";
			targets = (
				C09D77E72016844200E76FCB /* Park-aholic */,
			);
		};
/* End PBXProject section */

/* Begin PBXResourcesBuildPhase section */
		C09D77E62016844200E76FCB /* Resources */ = {
			isa = PBXResourcesBuildPhase;
			buildActionMask = 2147483647;
			files = (
				C09D77F92016844200E76FCB /* LaunchScreen.storyboard in Resources */,
				C09D77F62016844200E76FCB /* Assets.xcassets in Resources */,
				C09D77F12016844200E76FCB /* Main.storyboard in Resources */,
				C0BC26C02017A9920031E9F2 /* GoogleService-Info.plist in Resources */,
			);
			runOnlyForDeploymentPostprocessing = 0;
		};
/* End PBXResourcesBuildPhase section */

/* Begin PBXShellScriptBuildPhase section */
		4F1993CB48FC1104CF654385 /* [CP] Embed Pods Frameworks */ = {
			isa = PBXShellScriptBuildPhase;
			buildActionMask = 2147483647;
			files = (
			);
			inputPaths = (
				"${SRCROOT}/Pods/Target Support Files/Pods-Park-aholic/Pods-Park-aholic-frameworks.sh",
				"${BUILT_PRODUCTS_DIR}/Bolts/Bolts.framework",
				"${BUILT_PRODUCTS_DIR}/BoringSSL/openssl.framework",
				"${BUILT_PRODUCTS_DIR}/FBSDKCoreKit/FBSDKCoreKit.framework",
				"${BUILT_PRODUCTS_DIR}/FBSDKLoginKit/FBSDKLoginKit.framework",
				"${BUILT_PRODUCTS_DIR}/GTMOAuth2/GTMOAuth2.framework",
				"${BUILT_PRODUCTS_DIR}/GTMSessionFetcher/GTMSessionFetcher.framework",
				"${BUILT_PRODUCTS_DIR}/GoogleToolboxForMac/GoogleToolboxForMac.framework",
				"${BUILT_PRODUCTS_DIR}/Protobuf/Protobuf.framework",
				"${BUILT_PRODUCTS_DIR}/SDWebImage/SDWebImage.framework",
				"${BUILT_PRODUCTS_DIR}/gRPC/GRPCClient.framework",
				"${BUILT_PRODUCTS_DIR}/gRPC-Core/grpc.framework",
				"${BUILT_PRODUCTS_DIR}/gRPC-ProtoRPC/ProtoRPC.framework",
				"${BUILT_PRODUCTS_DIR}/gRPC-RxLibrary/RxLibrary.framework",
				"${BUILT_PRODUCTS_DIR}/leveldb-library/leveldb.framework",
				"${BUILT_PRODUCTS_DIR}/nanopb/nanopb.framework",
			);
			name = "[CP] Embed Pods Frameworks";
			outputPaths = (
				"${TARGET_BUILD_DIR}/${FRAMEWORKS_FOLDER_PATH}/Bolts.framework",
				"${TARGET_BUILD_DIR}/${FRAMEWORKS_FOLDER_PATH}/openssl.framework",
				"${TARGET_BUILD_DIR}/${FRAMEWORKS_FOLDER_PATH}/FBSDKCoreKit.framework",
				"${TARGET_BUILD_DIR}/${FRAMEWORKS_FOLDER_PATH}/FBSDKLoginKit.framework",
				"${TARGET_BUILD_DIR}/${FRAMEWORKS_FOLDER_PATH}/GTMOAuth2.framework",
				"${TARGET_BUILD_DIR}/${FRAMEWORKS_FOLDER_PATH}/GTMSessionFetcher.framework",
				"${TARGET_BUILD_DIR}/${FRAMEWORKS_FOLDER_PATH}/GoogleToolboxForMac.framework",
				"${TARGET_BUILD_DIR}/${FRAMEWORKS_FOLDER_PATH}/Protobuf.framework",
				"${TARGET_BUILD_DIR}/${FRAMEWORKS_FOLDER_PATH}/SDWebImage.framework",
				"${TARGET_BUILD_DIR}/${FRAMEWORKS_FOLDER_PATH}/GRPCClient.framework",
				"${TARGET_BUILD_DIR}/${FRAMEWORKS_FOLDER_PATH}/grpc.framework",
				"${TARGET_BUILD_DIR}/${FRAMEWORKS_FOLDER_PATH}/ProtoRPC.framework",
				"${TARGET_BUILD_DIR}/${FRAMEWORKS_FOLDER_PATH}/RxLibrary.framework",
				"${TARGET_BUILD_DIR}/${FRAMEWORKS_FOLDER_PATH}/leveldb.framework",
				"${TARGET_BUILD_DIR}/${FRAMEWORKS_FOLDER_PATH}/nanopb.framework",
			);
			runOnlyForDeploymentPostprocessing = 0;
			shellPath = /bin/sh;
			shellScript = "\"${SRCROOT}/Pods/Target Support Files/Pods-Park-aholic/Pods-Park-aholic-frameworks.sh\"\n";
			showEnvVarsInLog = 0;
		};
		540BE06C92677F9CBFC6BA93 /* [CP] Check Pods Manifest.lock */ = {
			isa = PBXShellScriptBuildPhase;
			buildActionMask = 2147483647;
			files = (
			);
			inputPaths = (
				"${PODS_PODFILE_DIR_PATH}/Podfile.lock",
				"${PODS_ROOT}/Manifest.lock",
			);
			name = "[CP] Check Pods Manifest.lock";
			outputPaths = (
				"$(DERIVED_FILE_DIR)/Pods-Park-aholic-checkManifestLockResult.txt",
			);
			runOnlyForDeploymentPostprocessing = 0;
			shellPath = /bin/sh;
			shellScript = "diff \"${PODS_PODFILE_DIR_PATH}/Podfile.lock\" \"${PODS_ROOT}/Manifest.lock\" > /dev/null\nif [ $? != 0 ] ; then\n    # print error to STDERR\n    echo \"error: The sandbox is not in sync with the Podfile.lock. Run 'pod install' or update your CocoaPods installation.\" >&2\n    exit 1\nfi\n# This output is used by Xcode 'outputs' to avoid re-running this script phase.\necho \"SUCCESS\" > \"${SCRIPT_OUTPUT_FILE_0}\"\n";
			showEnvVarsInLog = 0;
		};
		A0545309641E55E9F610CB9C /* [CP] Copy Pods Resources */ = {
			isa = PBXShellScriptBuildPhase;
			buildActionMask = 2147483647;
			files = (
			);
			inputPaths = (
				"${SRCROOT}/Pods/Target Support Files/Pods-Park-aholic/Pods-Park-aholic-resources.sh",
				$PODS_CONFIGURATION_BUILD_DIR/FirebaseUI/FirebaseAuthUI.bundle,
				$PODS_CONFIGURATION_BUILD_DIR/FirebaseUI/FirebaseFacebookAuthUI.bundle,
				$PODS_CONFIGURATION_BUILD_DIR/FirebaseUI/FirebaseGoogleAuthUI.bundle,
				$PODS_CONFIGURATION_BUILD_DIR/FirebaseUI/FirebasePhoneAuthUI.bundle,
				$PODS_CONFIGURATION_BUILD_DIR/FirebaseUI/FirebaseTwitterAuthUI.bundle,
				"${PODS_ROOT}/GoogleSignIn/Resources/GoogleSignIn.bundle",
				"${PODS_ROOT}/TwitterKit/iOS/TwitterKit.framework/TwitterKitResources.bundle",
				"${PODS_ROOT}/TwitterKit/iOS/TwitterKit.framework/TwitterShareExtensionUIResources.bundle",
			);
			name = "[CP] Copy Pods Resources";
			outputPaths = (
				"${TARGET_BUILD_DIR}/${UNLOCALIZED_RESOURCES_FOLDER_PATH}",
			);
			runOnlyForDeploymentPostprocessing = 0;
			shellPath = /bin/sh;
			shellScript = "\"${SRCROOT}/Pods/Target Support Files/Pods-Park-aholic/Pods-Park-aholic-resources.sh\"\n";
			showEnvVarsInLog = 0;
		};
/* End PBXShellScriptBuildPhase section */

/* Begin PBXSourcesBuildPhase section */
		C09D77E42016844200E76FCB /* Sources */ = {
			isa = PBXSourcesBuildPhase;
			buildActionMask = 2147483647;
			files = (
				C07FF29F2016BF9F0000125E /* apiPull_Ext.swift in Sources */,
				C07FF2AB2016DEA20000125E /* UserReview_ViewController.swift in Sources */,
				C07FF2A92016DE750000125E /* ParkDetail_ViewController.swift in Sources */,
				C09D78062016AFF400E76FCB /* LocationManager_EXT.swift in Sources */,
				C07FF2A32016C1670000125E /* ParkTableView_EXT.swift in Sources */,
				C07FF2B52016ECE00000125E /* UserComments_EXT.swift in Sources */,
				C09D77F42016844200E76FCB /* Park_aholic.xcdatamodeld in Sources */,
				C09D77EE2016844200E76FCB /* ViewController.swift in Sources */,
				C07FF2B12016DFD00000125E /* UserRatings_EXT.swift in Sources */,
				C09D77EC2016844200E76FCB /* AppDelegate.swift in Sources */,
				C07FF2AD2016DEFD0000125E /* AnimatedViewClass.swift in Sources */,
				C07FF2A12016BFE60000125E /* ParkDataModel.swift in Sources */,
				C07FF2A52016C1EA0000125E /* ParkCellTableViewCell.swift in Sources */,
				C0BC26BE2016F97B0031E9F2 /* UserTags_EXT.swift in Sources */,
			);
			runOnlyForDeploymentPostprocessing = 0;
		};
/* End PBXSourcesBuildPhase section */

/* Begin PBXVariantGroup section */
		C09D77EF2016844200E76FCB /* Main.storyboard */ = {
			isa = PBXVariantGroup;
			children = (
				C09D77F02016844200E76FCB /* Base */,
			);
			name = Main.storyboard;
			sourceTree = "<group>";
		};
		C09D77F72016844200E76FCB /* LaunchScreen.storyboard */ = {
			isa = PBXVariantGroup;
			children = (
				C09D77F82016844200E76FCB /* Base */,
			);
			name = LaunchScreen.storyboard;
			sourceTree = "<group>";
		};
/* End PBXVariantGroup section */

/* Begin XCBuildConfiguration section */
		C09D77FB2016844200E76FCB /* Debug */ = {
			isa = XCBuildConfiguration;
			buildSettings = {
				ALWAYS_SEARCH_USER_PATHS = NO;
				CLANG_ANALYZER_NONNULL = YES;
				CLANG_ANALYZER_NUMBER_OBJECT_CONVERSION = YES_AGGRESSIVE;
				CLANG_CXX_LANGUAGE_STANDARD = "gnu++14";
				CLANG_CXX_LIBRARY = "libc++";
				CLANG_ENABLE_MODULES = YES;
				CLANG_ENABLE_OBJC_ARC = YES;
				CLANG_WARN_BLOCK_CAPTURE_AUTORELEASING = YES;
				CLANG_WARN_BOOL_CONVERSION = YES;
				CLANG_WARN_COMMA = YES;
				CLANG_WARN_CONSTANT_CONVERSION = YES;
				CLANG_WARN_DIRECT_OBJC_ISA_USAGE = YES_ERROR;
				CLANG_WARN_DOCUMENTATION_COMMENTS = YES;
				CLANG_WARN_EMPTY_BODY = YES;
				CLANG_WARN_ENUM_CONVERSION = YES;
				CLANG_WARN_INFINITE_RECURSION = YES;
				CLANG_WARN_INT_CONVERSION = YES;
				CLANG_WARN_NON_LITERAL_NULL_CONVERSION = YES;
				CLANG_WARN_OBJC_LITERAL_CONVERSION = YES;
				CLANG_WARN_OBJC_ROOT_CLASS = YES_ERROR;
				CLANG_WARN_RANGE_LOOP_ANALYSIS = YES;
				CLANG_WARN_STRICT_PROTOTYPES = YES;
				CLANG_WARN_SUSPICIOUS_MOVE = YES;
				CLANG_WARN_UNGUARDED_AVAILABILITY = YES_AGGRESSIVE;
				CLANG_WARN_UNREACHABLE_CODE = YES;
				CLANG_WARN__DUPLICATE_METHOD_MATCH = YES;
				CODE_SIGN_IDENTITY = "iPhone Developer";
				COPY_PHASE_STRIP = NO;
				DEBUG_INFORMATION_FORMAT = dwarf;
				ENABLE_STRICT_OBJC_MSGSEND = YES;
				ENABLE_TESTABILITY = YES;
				GCC_C_LANGUAGE_STANDARD = gnu11;
				GCC_DYNAMIC_NO_PIC = NO;
				GCC_NO_COMMON_BLOCKS = YES;
				GCC_OPTIMIZATION_LEVEL = 0;
				GCC_PREPROCESSOR_DEFINITIONS = (
					"DEBUG=1",
					"$(inherited)",
				);
				GCC_WARN_64_TO_32_BIT_CONVERSION = YES;
				GCC_WARN_ABOUT_RETURN_TYPE = YES_ERROR;
				GCC_WARN_UNDECLARED_SELECTOR = YES;
				GCC_WARN_UNINITIALIZED_AUTOS = YES_AGGRESSIVE;
				GCC_WARN_UNUSED_FUNCTION = YES;
				GCC_WARN_UNUSED_VARIABLE = YES;
				IPHONEOS_DEPLOYMENT_TARGET = 11.2;
				MTL_ENABLE_DEBUG_INFO = YES;
				ONLY_ACTIVE_ARCH = YES;
				SDKROOT = iphoneos;
				SWIFT_ACTIVE_COMPILATION_CONDITIONS = DEBUG;
				SWIFT_OPTIMIZATION_LEVEL = "-Onone";
			};
			name = Debug;
		};
		C09D77FC2016844200E76FCB /* Release */ = {
			isa = XCBuildConfiguration;
			buildSettings = {
				ALWAYS_SEARCH_USER_PATHS = NO;
				CLANG_ANALYZER_NONNULL = YES;
				CLANG_ANALYZER_NUMBER_OBJECT_CONVERSION = YES_AGGRESSIVE;
				CLANG_CXX_LANGUAGE_STANDARD = "gnu++14";
				CLANG_CXX_LIBRARY = "libc++";
				CLANG_ENABLE_MODULES = YES;
				CLANG_ENABLE_OBJC_ARC = YES;
				CLANG_WARN_BLOCK_CAPTURE_AUTORELEASING = YES;
				CLANG_WARN_BOOL_CONVERSION = YES;
				CLANG_WARN_COMMA = YES;
				CLANG_WARN_CONSTANT_CONVERSION = YES;
				CLANG_WARN_DIRECT_OBJC_ISA_USAGE = YES_ERROR;
				CLANG_WARN_DOCUMENTATION_COMMENTS = YES;
				CLANG_WARN_EMPTY_BODY = YES;
				CLANG_WARN_ENUM_CONVERSION = YES;
				CLANG_WARN_INFINITE_RECURSION = YES;
				CLANG_WARN_INT_CONVERSION = YES;
				CLANG_WARN_NON_LITERAL_NULL_CONVERSION = YES;
				CLANG_WARN_OBJC_LITERAL_CONVERSION = YES;
				CLANG_WARN_OBJC_ROOT_CLASS = YES_ERROR;
				CLANG_WARN_RANGE_LOOP_ANALYSIS = YES;
				CLANG_WARN_STRICT_PROTOTYPES = YES;
				CLANG_WARN_SUSPICIOUS_MOVE = YES;
				CLANG_WARN_UNGUARDED_AVAILABILITY = YES_AGGRESSIVE;
				CLANG_WARN_UNREACHABLE_CODE = YES;
				CLANG_WARN__DUPLICATE_METHOD_MATCH = YES;
				CODE_SIGN_IDENTITY = "iPhone Developer";
				COPY_PHASE_STRIP = NO;
				DEBUG_INFORMATION_FORMAT = "dwarf-with-dsym";
				ENABLE_NS_ASSERTIONS = NO;
				ENABLE_STRICT_OBJC_MSGSEND = YES;
				GCC_C_LANGUAGE_STANDARD = gnu11;
				GCC_NO_COMMON_BLOCKS = YES;
				GCC_WARN_64_TO_32_BIT_CONVERSION = YES;
				GCC_WARN_ABOUT_RETURN_TYPE = YES_ERROR;
				GCC_WARN_UNDECLARED_SELECTOR = YES;
				GCC_WARN_UNINITIALIZED_AUTOS = YES_AGGRESSIVE;
				GCC_WARN_UNUSED_FUNCTION = YES;
				GCC_WARN_UNUSED_VARIABLE = YES;
				IPHONEOS_DEPLOYMENT_TARGET = 11.2;
				MTL_ENABLE_DEBUG_INFO = NO;
				SDKROOT = iphoneos;
				SWIFT_OPTIMIZATION_LEVEL = "-Owholemodule";
				VALIDATE_PRODUCT = YES;
			};
			name = Release;
		};
		C09D77FE2016844200E76FCB /* Debug */ = {
			isa = XCBuildConfiguration;
			baseConfigurationReference = 7226C7D839AD2C03A4D78CB2 /* Pods-Park-aholic.debug.xcconfig */;
			buildSettings = {
				ASSETCATALOG_COMPILER_APPICON_NAME = AppIcon;
				CODE_SIGN_STYLE = Automatic;
				DEVELOPMENT_TEAM = ZL2U9TNTMV;
				INFOPLIST_FILE = "Park-aholic/Info.plist";
				LD_RUNPATH_SEARCH_PATHS = "$(inherited) @executable_path/Frameworks";
				PRODUCT_BUNDLE_IDENTIFIER = "com.example.Park-aholic";
				PRODUCT_NAME = "$(TARGET_NAME)";
				SWIFT_VERSION = 4.0;
				TARGETED_DEVICE_FAMILY = "1,2";
			};
			name = Debug;
		};
		C09D77FF2016844200E76FCB /* Release */ = {
			isa = XCBuildConfiguration;
			baseConfigurationReference = 5C90AA26B23B6261035630C3 /* Pods-Park-aholic.release.xcconfig */;
			buildSettings = {
				ASSETCATALOG_COMPILER_APPICON_NAME = AppIcon;
				CODE_SIGN_STYLE = Automatic;
				DEVELOPMENT_TEAM = ZL2U9TNTMV;
				INFOPLIST_FILE = "Park-aholic/Info.plist";
				LD_RUNPATH_SEARCH_PATHS = "$(inherited) @executable_path/Frameworks";
				PRODUCT_BUNDLE_IDENTIFIER = "com.example.Park-aholic";
				PRODUCT_NAME = "$(TARGET_NAME)";
				SWIFT_VERSION = 4.0;
				TARGETED_DEVICE_FAMILY = "1,2";
			};
			name = Release;
		};
/* End XCBuildConfiguration section */

/* Begin XCConfigurationList section */
		C09D77E32016844100E76FCB /* Build configuration list for PBXProject "Park-aholic" */ = {
			isa = XCConfigurationList;
			buildConfigurations = (
				C09D77FB2016844200E76FCB /* Debug */,
				C09D77FC2016844200E76FCB /* Release */,
			);
			defaultConfigurationIsVisible = 0;
			defaultConfigurationName = Release;
		};
		C09D77FD2016844200E76FCB /* Build configuration list for PBXNativeTarget "Park-aholic" */ = {
			isa = XCConfigurationList;
			buildConfigurations = (
				C09D77FE2016844200E76FCB /* Debug */,
				C09D77FF2016844200E76FCB /* Release */,
			);
			defaultConfigurationIsVisible = 0;
			defaultConfigurationName = Release;
		};
/* End XCConfigurationList section */

/* Begin XCVersionGroup section */
		C09D77F22016844200E76FCB /* Park_aholic.xcdatamodeld */ = {
			isa = XCVersionGroup;
			children = (
				C09D77F32016844200E76FCB /* Park_aholic.xcdatamodel */,
			);
			currentVersion = C09D77F32016844200E76FCB /* Park_aholic.xcdatamodel */;
			path = Park_aholic.xcdatamodeld;
			sourceTree = "<group>";
			versionGroupType = wrapper.xcdatamodel;
		};
/* End XCVersionGroup section */
	};
	rootObject = C09D77E02016844100E76FCB /* Project object */;
}
